
Microsoft Visual Studio Solution File, Format Version 12.00
# Visual Studio Version 17
VisualStudioVersion = 17.13.35825.156 d17.13
MinimumVisualStudioVersion = 10.0.40219.1
Project("{FAE04EC0-301F-11D3-BF4B-00C04F79EFBC}") = "LabelExpansion_StaticResourceWPF", "LabelExpansionWPF\LabelExpansion_StaticResourceWPF.csproj", "{5DB3C71B-B67E-4CF4-A496-78E0A57F0E89}"
EndProject
Global
	GlobalSection(SolutionConfigurationPlatforms) = preSolution
		Debug|Any CPU = Debug|Any CPU
		Release|Any CPU = Release|Any CPU
	EndGlobalSection
	GlobalSection(ProjectConfigurationPlatforms) = postSolution
		{5DB3C71B-B67E-4CF4-A496-78E0A57F0E89}.Debug|Any CPU.ActiveCfg = Debug|Any CPU
		{5DB3C71B-B67E-4CF4-A496-78E0A57F0E89}.Debug|Any CPU.Build.0 = Debug|Any CPU
		{5DB3C71B-B67E-4CF4-A496-78E0A57F0E89}.Release|Any CPU.ActiveCfg = Release|Any CPU
		{5DB3C71B-B67E-4CF4-A496-78E0A57F0E89}.Release|Any CPU.Build.0 = Release|Any CPU
	EndGlobalSection
	GlobalSection(SolutionProperties) = preSolution
		HideSolutionNode = FALSE
	EndGlobalSection
	GlobalSection(ExtensibilityGlobals) = postSolution
		SolutionGuid = {861C552D-F541-4B05-B4A3-1B0D341D89E4}
	EndGlobalSection
EndGlobal
