
Microsoft Visual Studio Solution File, Format Version 12.00
# Visual Studio Version 17
VisualStudioVersion = 17.13.35825.156 d17.13
MinimumVisualStudioVersion = 10.0.40219.1
Project("{FAE04EC0-301F-11D3-BF4B-00C04F79EFBC}") = "EventSample", "EventSample\EventSample.csproj", "{8C17ED99-A003-4382-A612-7B4321EB7EA7}"
EndProject
Global
	GlobalSection(SolutionConfigurationPlatforms) = preSolution
		Debug|Any CPU = Debug|Any CPU
		Release|Any CPU = Release|Any CPU
	EndGlobalSection
	GlobalSection(ProjectConfigurationPlatforms) = postSolution
		{8C17ED99-A003-4382-A612-7B4321EB7EA7}.Debug|Any CPU.ActiveCfg = Debug|Any CPU
		{8C17ED99-A003-4382-A612-7B4321EB7EA7}.Debug|Any CPU.Build.0 = Debug|Any CPU
		{8C17ED99-A003-4382-A612-7B4321EB7EA7}.Release|Any CPU.ActiveCfg = Release|Any CPU
		{8C17ED99-A003-4382-A612-7B4321EB7EA7}.Release|Any CPU.Build.0 = Release|Any CPU
	EndGlobalSection
	GlobalSection(SolutionProperties) = preSolution
		HideSolutionNode = FALSE
	EndGlobalSection
	GlobalSection(ExtensibilityGlobals) = postSolution
		SolutionGuid = {6BBD4BD3-C6AD-4498-B10E-D776B65DC627}
	EndGlobalSection
EndGlobal
