
Microsoft Visual Studio Solution File, Format Version 12.00
# Visual Studio Version 17
VisualStudioVersion = 17.13.35825.156 d17.13
MinimumVisualStudioVersion = 10.0.40219.1
Project("{FAE04EC0-301F-11D3-BF4B-00C04F79EFBC}") = "HappyWPF", "HappyWPF\HappyWPF.csproj", "{31799D2E-7BFA-41B2-AE57-A4DBB316949A}"
EndProject
Project("{FAE04EC0-301F-11D3-BF4B-00C04F79EFBC}") = "ControlLibrary", "ControlLibrary\ControlLibrary.csproj", "{240A4F36-8C87-4EE5-B01D-519FC0D51C53}"
EndProject
Global
	GlobalSection(SolutionConfigurationPlatforms) = preSolution
		Debug|Any CPU = Debug|Any CPU
		Release|Any CPU = Release|Any CPU
	EndGlobalSection
	GlobalSection(ProjectConfigurationPlatforms) = postSolution
		{31799D2E-7BFA-41B2-AE57-A4DBB316949A}.Debug|Any CPU.ActiveCfg = Debug|Any CPU
		{31799D2E-7BFA-41B2-AE57-A4DBB316949A}.Debug|Any CPU.Build.0 = Debug|Any CPU
		{31799D2E-7BFA-41B2-AE57-A4DBB316949A}.Release|Any CPU.ActiveCfg = Release|Any CPU
		{31799D2E-7BFA-41B2-AE57-A4DBB316949A}.Release|Any CPU.Build.0 = Release|Any CPU
		{240A4F36-8C87-4EE5-B01D-519FC0D51C53}.Debug|Any CPU.ActiveCfg = Debug|Any CPU
		{240A4F36-8C87-4EE5-B01D-519FC0D51C53}.Debug|Any CPU.Build.0 = Debug|Any CPU
		{240A4F36-8C87-4EE5-B01D-519FC0D51C53}.Release|Any CPU.ActiveCfg = Release|Any CPU
		{240A4F36-8C87-4EE5-B01D-519FC0D51C53}.Release|Any CPU.Build.0 = Release|Any CPU
	EndGlobalSection
	GlobalSection(SolutionProperties) = preSolution
		HideSolutionNode = FALSE
	EndGlobalSection
	GlobalSection(ExtensibilityGlobals) = postSolution
		SolutionGuid = {B4E355C7-50CE-4A68-B3DD-F16D4C61F1AF}
	EndGlobalSection
EndGlobal
