
Microsoft Visual Studio Solution File, Format Version 12.00
# Visual Studio Version 17
VisualStudioVersion = 17.13.35825.156 d17.13
MinimumVisualStudioVersion = 10.0.40219.1
Project("{FAE04EC0-301F-11D3-BF4B-00C04F79EFBC}") = "WpfApp1", "WpfApp1\WpfApp1.csproj", "{EC039251-9184-4C99-BBC1-F617B22799B7}"
EndProject
Global
	GlobalSection(SolutionConfigurationPlatforms) = preSolution
		Debug|Any CPU = Debug|Any CPU
		Release|Any CPU = Release|Any CPU
	EndGlobalSection
	GlobalSection(ProjectConfigurationPlatforms) = postSolution
		{EC039251-9184-4C99-BBC1-F617B22799B7}.Debug|Any CPU.ActiveCfg = Debug|Any CPU
		{EC039251-9184-4C99-BBC1-F617B22799B7}.Debug|Any CPU.Build.0 = Debug|Any CPU
		{EC039251-9184-4C99-BBC1-F617B22799B7}.Release|Any CPU.ActiveCfg = Release|Any CPU
		{EC039251-9184-4C99-BBC1-F617B22799B7}.Release|Any CPU.Build.0 = Release|Any CPU
	EndGlobalSection
	GlobalSection(SolutionProperties) = preSolution
		HideSolutionNode = FALSE
	EndGlobalSection
	GlobalSection(ExtensibilityGlobals) = postSolution
		SolutionGuid = {283A370F-1667-46BB-ADAB-964693B838D6}
	EndGlobalSection
EndGlobal
