
Microsoft Visual Studio Solution File, Format Version 12.00
# Visual Studio Version 17
VisualStudioVersion = 17.13.35825.156
MinimumVisualStudioVersion = 10.0.40219.1
Project("{FAE04EC0-301F-11D3-BF4B-00C04F79EFBC}") = "WpfApp1", "WpfApp1\WpfApp1.csproj", "{120F0B8E-C938-47D0-B697-BFD5CC431E74}"
EndProject
Project("{FAE04EC0-301F-11D3-BF4B-00C04F79EFBC}") = "ControlLibrary", "ControlLibrary\ControlLibrary.csproj", "{66623807-4260-4237-AAB9-A55AD2F6C701}"
EndProject
Global
	GlobalSection(SolutionConfigurationPlatforms) = preSolution
		Debug|Any CPU = Debug|Any CPU
		Release|Any CPU = Release|Any CPU
	EndGlobalSection
	GlobalSection(ProjectConfigurationPlatforms) = postSolution
		{120F0B8E-C938-47D0-B697-BFD5CC431E74}.Debug|Any CPU.ActiveCfg = Debug|Any CPU
		{120F0B8E-C938-47D0-B697-BFD5CC431E74}.Debug|Any CPU.Build.0 = Debug|Any CPU
		{120F0B8E-C938-47D0-B697-BFD5CC431E74}.Release|Any CPU.ActiveCfg = Release|Any CPU
		{120F0B8E-C938-47D0-B697-BFD5CC431E74}.Release|Any CPU.Build.0 = Release|Any CPU
		{66623807-4260-4237-AAB9-A55AD2F6C701}.Debug|Any CPU.ActiveCfg = Debug|Any CPU
		{66623807-4260-4237-AAB9-A55AD2F6C701}.Debug|Any CPU.Build.0 = Debug|Any CPU
		{66623807-4260-4237-AAB9-A55AD2F6C701}.Release|Any CPU.ActiveCfg = Release|Any CPU
		{66623807-4260-4237-AAB9-A55AD2F6C701}.Release|Any CPU.Build.0 = Release|Any CPU
	EndGlobalSection
	GlobalSection(SolutionProperties) = preSolution
		HideSolutionNode = FALSE
	EndGlobalSection
	GlobalSection(ExtensibilityGlobals) = postSolution
		SolutionGuid = {DA0D239C-2DA7-497D-B7F9-C5AA70B59B06}
	EndGlobalSection
EndGlobal
