
Microsoft Visual Studio Solution File, Format Version 12.00
# Visual Studio Version 17
VisualStudioVersion = 17.13.35825.156 d17.13
MinimumVisualStudioVersion = 10.0.40219.1
Project("{FAE04EC0-301F-11D3-BF4B-00C04F79EFBC}") = "LabelExpansion_BindingWPF", "LabelExpansion_BindingWPF\LabelExpansion_BindingWPF.csproj", "{06C94D33-98F6-475B-B8DD-3DDCB2ABBDF0}"
EndProject
Global
	GlobalSection(SolutionConfigurationPlatforms) = preSolution
		Debug|Any CPU = Debug|Any CPU
		Release|Any CPU = Release|Any CPU
	EndGlobalSection
	GlobalSection(ProjectConfigurationPlatforms) = postSolution
		{06C94D33-98F6-475B-B8DD-3DDCB2ABBDF0}.Debug|Any CPU.ActiveCfg = Debug|Any CPU
		{06C94D33-98F6-475B-B8DD-3DDCB2ABBDF0}.Debug|Any CPU.Build.0 = Debug|Any CPU
		{06C94D33-98F6-475B-B8DD-3DDCB2ABBDF0}.Release|Any CPU.ActiveCfg = Release|Any CPU
		{06C94D33-98F6-475B-B8DD-3DDCB2ABBDF0}.Release|Any CPU.Build.0 = Release|Any CPU
	EndGlobalSection
	GlobalSection(SolutionProperties) = preSolution
		HideSolutionNode = FALSE
	EndGlobalSection
	GlobalSection(ExtensibilityGlobals) = postSolution
		SolutionGuid = {0D2FF351-EBA2-4B34-9359-1B400B60E2E1}
	EndGlobalSection
EndGlobal
