
Microsoft Visual Studio Solution File, Format Version 12.00
# Visual Studio Version 17
VisualStudioVersion = 17.13.35825.156 d17.13
MinimumVisualStudioVersion = 10.0.40219.1
Project("{FAE04EC0-301F-11D3-BF4B-00C04F79EFBC}") = "HappyWPF", "HappyWPF\HappyWPF.csproj", "{59A0216D-A716-4500-A94C-3E5E186CB997}"
EndProject
Global
	GlobalSection(SolutionConfigurationPlatforms) = preSolution
		Debug|Any CPU = Debug|Any CPU
		Release|Any CPU = Release|Any CPU
	EndGlobalSection
	GlobalSection(ProjectConfigurationPlatforms) = postSolution
		{59A0216D-A716-4500-A94C-3E5E186CB997}.Debug|Any CPU.ActiveCfg = Debug|Any CPU
		{59A0216D-A716-4500-A94C-3E5E186CB997}.Debug|Any CPU.Build.0 = Debug|Any CPU
		{59A0216D-A716-4500-A94C-3E5E186CB997}.Release|Any CPU.ActiveCfg = Release|Any CPU
		{59A0216D-A716-4500-A94C-3E5E186CB997}.Release|Any CPU.Build.0 = Release|Any CPU
	EndGlobalSection
	GlobalSection(SolutionProperties) = preSolution
		HideSolutionNode = FALSE
	EndGlobalSection
	GlobalSection(ExtensibilityGlobals) = postSolution
		SolutionGuid = {206B6E0F-9927-49F0-AB8B-62F6EF3B3EE4}
	EndGlobalSection
EndGlobal
